
Microsoft Visual Studio Solution File, Format Version 12.00
# Visual Studio Version 17
VisualStudioVersion = 17.14.36109.1
MinimumVisualStudioVersion = 10.0.40219.1
Project("{2150E333-8FDC-42A3-9474-1A3956D46DE8}") = "src", "src", "{02EA681E-C7D8-13C7-8484-4AC65E1B71E8}"
EndProject
Project("{FAE04EC0-301F-11D3-BF4B-00C04F79EFBC}") = "Companies.API", "Companies.API\Companies.API.csproj", "{F092D285-245B-46A5-B183-7FCF1D24C59A}"
EndProject
Project("{FAE04EC0-301F-11D3-BF4B-00C04F79EFBC}") = "Companies.Shared", "Companies.Shared\Companies.Shared.csproj", "{647EFCA5-53EE-4484-9101-4C74A76BD1CC}"
EndProject
Project("{FAE04EC0-301F-11D3-BF4B-00C04F79EFBC}") = "Domain.Models", "Domain.Models\Domain.Models.csproj", "{6366E708-7626-48EA-9EC9-792AF1D3914A}"
EndProject
Project("{FAE04EC0-301F-11D3-BF4B-00C04F79EFBC}") = "Companies.Infrastructure", "Companies.Infrastructure\Companies.Infrastructure.csproj", "{9C1962C1-795D-4CCE-B461-A0CA5BC05683}"
EndProject
Project("{FAE04EC0-301F-11D3-BF4B-00C04F79EFBC}") = "Domain.Contracts", "Domain.Contracts\Domain.Contracts.csproj", "{ECCEF365-B26E-42F9-8433-08AA0E685263}"
EndProject
Project("{FAE04EC0-301F-11D3-BF4B-00C04F79EFBC}") = "Companies.Services", "Companies.Services\Companies.Services.csproj", "{90D8629D-C240-4AC6-BAA0-174DF5AE8762}"
EndProject
Project("{FAE04EC0-301F-11D3-BF4B-00C04F79EFBC}") = "Services.Contracts", "Services.Contracts\Services.Contracts.csproj", "{1FF1828B-AFF2-45F7-A666-88F8C42DC481}"
EndProject
Project("{FAE04EC0-301F-11D3-BF4B-00C04F79EFBC}") = "Companies.Presentation", "Companies.Presentation\Companies.Presentation.csproj", "{69489F4B-151A-467A-BAB7-2280D33047CE}"
EndProject
Project("{2150E333-8FDC-42A3-9474-1A3956D46DE8}") = "tests", "tests", "{4ABEA1FD-7835-4CD6-AB31-3E6F4C823B36}"
EndProject
Project("{FAE04EC0-301F-11D3-BF4B-00C04F79EFBC}") = "Controller.Tests", "Controller.Tests\Controller.Tests.csproj", "{8AF26E4B-545B-42FA-BB56-2F07421414D2}"
EndProject
Project("{FAE04EC0-301F-11D3-BF4B-00C04F79EFBC}") = "Companies.Client", "Companies.Client\Companies.Client.csproj", "{9F2C01F8-A8FB-4581-807D-174AEB7BAFC2}"
EndProject
Project("{FAE04EC0-301F-11D3-BF4B-00C04F79EFBC}") = "Companies.Integration.Tests", "Companies.Integration.Tests\Companies.Integration.Tests.csproj", "{A5D230E3-EEA8-4D82-93EA-01B5AC2795B6}"
EndProject
Global
	GlobalSection(SolutionConfigurationPlatforms) = preSolution
		Debug|Any CPU = Debug|Any CPU
		Release|Any CPU = Release|Any CPU
	EndGlobalSection
	GlobalSection(ProjectConfigurationPlatforms) = postSolution
		{F092D285-245B-46A5-B183-7FCF1D24C59A}.Debug|Any CPU.ActiveCfg = Debug|Any CPU
		{F092D285-245B-46A5-B183-7FCF1D24C59A}.Debug|Any CPU.Build.0 = Debug|Any CPU
		{F092D285-245B-46A5-B183-7FCF1D24C59A}.Release|Any CPU.ActiveCfg = Release|Any CPU
		{F092D285-245B-46A5-B183-7FCF1D24C59A}.Release|Any CPU.Build.0 = Release|Any CPU
		{647EFCA5-53EE-4484-9101-4C74A76BD1CC}.Debug|Any CPU.ActiveCfg = Debug|Any CPU
		{647EFCA5-53EE-4484-9101-4C74A76BD1CC}.Debug|Any CPU.Build.0 = Debug|Any CPU
		{647EFCA5-53EE-4484-9101-4C74A76BD1CC}.Release|Any CPU.ActiveCfg = Release|Any CPU
		{647EFCA5-53EE-4484-9101-4C74A76BD1CC}.Release|Any CPU.Build.0 = Release|Any CPU
		{6366E708-7626-48EA-9EC9-792AF1D3914A}.Debug|Any CPU.ActiveCfg = Debug|Any CPU
		{6366E708-7626-48EA-9EC9-792AF1D3914A}.Debug|Any CPU.Build.0 = Debug|Any CPU
		{6366E708-7626-48EA-9EC9-792AF1D3914A}.Release|Any CPU.ActiveCfg = Release|Any CPU
		{6366E708-7626-48EA-9EC9-792AF1D3914A}.Release|Any CPU.Build.0 = Release|Any CPU
		{9C1962C1-795D-4CCE-B461-A0CA5BC05683}.Debug|Any CPU.ActiveCfg = Debug|Any CPU
		{9C1962C1-795D-4CCE-B461-A0CA5BC05683}.Debug|Any CPU.Build.0 = Debug|Any CPU
		{9C1962C1-795D-4CCE-B461-A0CA5BC05683}.Release|Any CPU.ActiveCfg = Release|Any CPU
		{9C1962C1-795D-4CCE-B461-A0CA5BC05683}.Release|Any CPU.Build.0 = Release|Any CPU
		{ECCEF365-B26E-42F9-8433-08AA0E685263}.Debug|Any CPU.ActiveCfg = Debug|Any CPU
		{ECCEF365-B26E-42F9-8433-08AA0E685263}.Debug|Any CPU.Build.0 = Debug|Any CPU
		{ECCEF365-B26E-42F9-8433-08AA0E685263}.Release|Any CPU.ActiveCfg = Release|Any CPU
		{ECCEF365-B26E-42F9-8433-08AA0E685263}.Release|Any CPU.Build.0 = Release|Any CPU
		{90D8629D-C240-4AC6-BAA0-174DF5AE8762}.Debug|Any CPU.ActiveCfg = Debug|Any CPU
		{90D8629D-C240-4AC6-BAA0-174DF5AE8762}.Debug|Any CPU.Build.0 = Debug|Any CPU
		{90D8629D-C240-4AC6-BAA0-174DF5AE8762}.Release|Any CPU.ActiveCfg = Release|Any CPU
		{90D8629D-C240-4AC6-BAA0-174DF5AE8762}.Release|Any CPU.Build.0 = Release|Any CPU
		{1FF1828B-AFF2-45F7-A666-88F8C42DC481}.Debug|Any CPU.ActiveCfg = Debug|Any CPU
		{1FF1828B-AFF2-45F7-A666-88F8C42DC481}.Debug|Any CPU.Build.0 = Debug|Any CPU
		{1FF1828B-AFF2-45F7-A666-88F8C42DC481}.Release|Any CPU.ActiveCfg = Release|Any CPU
		{1FF1828B-AFF2-45F7-A666-88F8C42DC481}.Release|Any CPU.Build.0 = Release|Any CPU
		{69489F4B-151A-467A-BAB7-2280D33047CE}.Debug|Any CPU.ActiveCfg = Debug|Any CPU
		{69489F4B-151A-467A-BAB7-2280D33047CE}.Debug|Any CPU.Build.0 = Debug|Any CPU
		{69489F4B-151A-467A-BAB7-2280D33047CE}.Release|Any CPU.ActiveCfg = Release|Any CPU
		{69489F4B-151A-467A-BAB7-2280D33047CE}.Release|Any CPU.Build.0 = Release|Any CPU
		{8AF26E4B-545B-42FA-BB56-2F07421414D2}.Debug|Any CPU.ActiveCfg = Debug|Any CPU
		{8AF26E4B-545B-42FA-BB56-2F07421414D2}.Debug|Any CPU.Build.0 = Debug|Any CPU
		{8AF26E4B-545B-42FA-BB56-2F07421414D2}.Release|Any CPU.ActiveCfg = Release|Any CPU
		{8AF26E4B-545B-42FA-BB56-2F07421414D2}.Release|Any CPU.Build.0 = Release|Any CPU
		{9F2C01F8-A8FB-4581-807D-174AEB7BAFC2}.Debug|Any CPU.ActiveCfg = Debug|Any CPU
		{9F2C01F8-A8FB-4581-807D-174AEB7BAFC2}.Debug|Any CPU.Build.0 = Debug|Any CPU
		{9F2C01F8-A8FB-4581-807D-174AEB7BAFC2}.Release|Any CPU.ActiveCfg = Release|Any CPU
		{9F2C01F8-A8FB-4581-807D-174AEB7BAFC2}.Release|Any CPU.Build.0 = Release|Any CPU
		{A5D230E3-EEA8-4D82-93EA-01B5AC2795B6}.Debug|Any CPU.ActiveCfg = Debug|Any CPU
		{A5D230E3-EEA8-4D82-93EA-01B5AC2795B6}.Debug|Any CPU.Build.0 = Debug|Any CPU
		{A5D230E3-EEA8-4D82-93EA-01B5AC2795B6}.Release|Any CPU.ActiveCfg = Release|Any CPU
		{A5D230E3-EEA8-4D82-93EA-01B5AC2795B6}.Release|Any CPU.Build.0 = Release|Any CPU
	EndGlobalSection
	GlobalSection(SolutionProperties) = preSolution
		HideSolutionNode = FALSE
	EndGlobalSection
	GlobalSection(NestedProjects) = preSolution
		{F092D285-245B-46A5-B183-7FCF1D24C59A} = {02EA681E-C7D8-13C7-8484-4AC65E1B71E8}
		{647EFCA5-53EE-4484-9101-4C74A76BD1CC} = {02EA681E-C7D8-13C7-8484-4AC65E1B71E8}
		{6366E708-7626-48EA-9EC9-792AF1D3914A} = {02EA681E-C7D8-13C7-8484-4AC65E1B71E8}
		{9C1962C1-795D-4CCE-B461-A0CA5BC05683} = {02EA681E-C7D8-13C7-8484-4AC65E1B71E8}
		{ECCEF365-B26E-42F9-8433-08AA0E685263} = {02EA681E-C7D8-13C7-8484-4AC65E1B71E8}
		{90D8629D-C240-4AC6-BAA0-174DF5AE8762} = {02EA681E-C7D8-13C7-8484-4AC65E1B71E8}
		{1FF1828B-AFF2-45F7-A666-88F8C42DC481} = {02EA681E-C7D8-13C7-8484-4AC65E1B71E8}
		{69489F4B-151A-467A-BAB7-2280D33047CE} = {02EA681E-C7D8-13C7-8484-4AC65E1B71E8}
		{8AF26E4B-545B-42FA-BB56-2F07421414D2} = {4ABEA1FD-7835-4CD6-AB31-3E6F4C823B36}
		{9F2C01F8-A8FB-4581-807D-174AEB7BAFC2} = {02EA681E-C7D8-13C7-8484-4AC65E1B71E8}
		{A5D230E3-EEA8-4D82-93EA-01B5AC2795B6} = {4ABEA1FD-7835-4CD6-AB31-3E6F4C823B36}
	EndGlobalSection
	GlobalSection(ExtensibilityGlobals) = postSolution
		SolutionGuid = {F5B05688-0393-4F88-8BC3-DD967EACFFB2}
	EndGlobalSection
EndGlobal
